
Microsoft Visual Studio Solution File, Format Version 12.00
Project("{FAE04EC0-301F-11D3-BF4B-00C04F79EFBC}") = "AdventOfSolutions", "AdventOfSolutions\AdventOfSolutions.csproj", "{B857970A-2224-40E2-968F-49A9686A30ED}"
EndProject
Project("{FAE04EC0-301F-11D3-BF4B-00C04F79EFBC}") = "AdventOfTests", "AdventOfTests\AdventOfTests.csproj", "{72C0081F-F553-4DE5-A832-995FA01EF677}"
EndProject
Global
	GlobalSection(SolutionConfigurationPlatforms) = preSolution
		Debug|Any CPU = Debug|Any CPU
		Release|Any CPU = Release|Any CPU
	EndGlobalSection
	GlobalSection(ProjectConfigurationPlatforms) = postSolution
		{B857970A-2224-40E2-968F-49A9686A30ED}.Debug|Any CPU.ActiveCfg = Debug|Any CPU
		{B857970A-2224-40E2-968F-49A9686A30ED}.Debug|Any CPU.Build.0 = Debug|Any CPU
		{B857970A-2224-40E2-968F-49A9686A30ED}.Release|Any CPU.ActiveCfg = Release|Any CPU
		{B857970A-2224-40E2-968F-49A9686A30ED}.Release|Any CPU.Build.0 = Release|Any CPU
		{72C0081F-F553-4DE5-A832-995FA01EF677}.Debug|Any CPU.ActiveCfg = Debug|Any CPU
		{72C0081F-F553-4DE5-A832-995FA01EF677}.Debug|Any CPU.Build.0 = Debug|Any CPU
		{72C0081F-F553-4DE5-A832-995FA01EF677}.Release|Any CPU.ActiveCfg = Release|Any CPU
		{72C0081F-F553-4DE5-A832-995FA01EF677}.Release|Any CPU.Build.0 = Release|Any CPU
	EndGlobalSection
EndGlobal
